PODS:
  - FSCalendar (2.8.1)
  - Realm (4.3.1):
    - Realm/Headers (= 4.3.1)
  - Realm/Headers (4.3.1)
  - RealmSwift (4.3.1):
    - Realm (= 4.3.1)

DEPENDENCIES:
  - FSCalendar
  - RealmSwift

SPEC REPOS:
  trunk:
    - FSCalendar
    - Realm
    - RealmSwift

SPEC CHECKSUMS:
  FSCalendar: 5245140456fcbcac5824c203b98bd8068bdfee1a
  Realm: 31dc40934081ef740f60feedc46d88473cbfeb40
  RealmSwift: b5199e9a41f67b99f51acf6874a6166f5fbe93d1

PODFILE CHECKSUM: 106d8b1e46a08f25e4844cccce1a33431355fae9

COCOAPODS: 1.8.4
